
Microsoft Visual Studio Solution File, Format Version 12.00
# Visual Studio Version 17
VisualStudioVersion = 17.8.34525.116
MinimumVisualStudioVersion = 10.0.40219.1
Project("{888888A0-9F3D-457C-B088-3A5042F75D52}") = "LeetCode", "LeetCode\LeetCode.pyproj", "{D8B4C0FD-720E-4942-A4FD-175BAC9547D8}"
EndProject
Global
	GlobalSection(SolutionConfigurationPlatforms) = preSolution
		Debug|Any CPU = Debug|Any CPU
		Release|Any CPU = Release|Any CPU
	EndGlobalSection
	GlobalSection(ProjectConfigurationPlatforms) = postSolution
		{D8B4C0FD-720E-4942-A4FD-175BAC9547D8}.Debug|Any CPU.ActiveCfg = Debug|Any CPU
		{D8B4C0FD-720E-4942-A4FD-175BAC9547D8}.Release|Any CPU.ActiveCfg = Release|Any CPU
	EndGlobalSection
	GlobalSection(SolutionProperties) = preSolution
		HideSolutionNode = FALSE
	EndGlobalSection
	GlobalSection(ExtensibilityGlobals) = postSolution
		SolutionGuid = {37A7925A-FDDC-40E8-B787-2E7870B50735}
	EndGlobalSection
EndGlobal
